// !$*UTF8*$!
{
	archiveVersion = 1;
	classes = {
	};
	objectVersion = 46;
	objects = {

/* Begin PBXBuildFile section */
		5E032B4E1E24EE3E000E809A /* PostCell.swift in Sources */ = {isa = PBXBuildFile; fileRef = 5E032B4D1E24EE3D000E809A /* PostCell.swift */; };
		5E032B511E24FF90000E809A /* DataService.swift in Sources */ = {isa = PBXBuildFile; fileRef = 5E032B501E24FF90000E809A /* DataService.swift */; };
		5E16737A1E251C15003A52A8 /* Post.swift in Sources */ = {isa = PBXBuildFile; fileRef = 5E1673791E251C15003A52A8 /* Post.swift */; };
		5E3844DF1E0C1838009B4CE4 /* FeedVC.swift in Sources */ = {isa = PBXBuildFile; fileRef = 5E3844DE1E0C1838009B4CE4 /* FeedVC.swift */; };
		5E46B6951DE86FA000917868 /* GoogleService-Info.plist in Resources */ = {isa = PBXBuildFile; fileRef = 5E46B6941DE86FA000917868 /* GoogleService-Info.plist */; };
		5E46B6981DE88E6D00917868 /* MankSans-Medium.ttf in Resources */ = {isa = PBXBuildFile; fileRef = 5E46B6971DE88E6D00917868 /* MankSans-Medium.ttf */; };
		5E46B69A1DE892EA00917868 /* MankSans.ttf in Resources */ = {isa = PBXBuildFile; fileRef = 5E46B6991DE892EA00917868 /* MankSans.ttf */; };
		5E5BCE5F1DE7A7E700ECB28E /* AppDelegate.swift in Sources */ = {isa = PBXBuildFile; fileRef = 5E5BCE5E1DE7A7E700ECB28E /* AppDelegate.swift */; };
		5E5BCE611DE7A7E700ECB28E /* ViewController.swift in Sources */ = {isa = PBXBuildFile; fileRef = 5E5BCE601DE7A7E700ECB28E /* ViewController.swift */; };
		5E5BCE641DE7A7E700ECB28E /* Main.storyboard in Resources */ = {isa = PBXBuildFile; fileRef = 5E5BCE621DE7A7E700ECB28E /* Main.storyboard */; };
		5E5BCE661DE7A7E700ECB28E /* Assets.xcassets in Resources */ = {isa = PBXBuildFile; fileRef = 5E5BCE651DE7A7E700ECB28E /* Assets.xcassets */; };
		5E5BCE691DE7A7E700ECB28E /* LaunchScreen.storyboard in Resources */ = {isa = PBXBuildFile; fileRef = 5E5BCE671DE7A7E700ECB28E /* LaunchScreen.storyboard */; };
		5E5BCE741DE7A83800ECB28E /* MaterialView.swift in Sources */ = {isa = PBXBuildFile; fileRef = 5E5BCE731DE7A83800ECB28E /* MaterialView.swift */; };
		5E5BCE761DE7A85300ECB28E /* MaterialButton.swift in Sources */ = {isa = PBXBuildFile; fileRef = 5E5BCE751DE7A85300ECB28E /* MaterialButton.swift */; };
		5E5BCE7B1DE7AAF700ECB28E /* Constants.swift in Sources */ = {isa = PBXBuildFile; fileRef = 5E5BCE7A1DE7AAF700ECB28E /* Constants.swift */; };
		5E5BCE7D1DE7AD1E00ECB28E /* MaterialTextField.swift in Sources */ = {isa = PBXBuildFile; fileRef = 5E5BCE7C1DE7AD1E00ECB28E /* MaterialTextField.swift */; };
		5E5BCE821DE853D600ECB28E /* Bolts.framework in Frameworks */ = {isa = PBXBuildFile; fileRef = 5E5BCE7F1DE853D600ECB28E /* Bolts.framework */; };
		5E5BCE831DE853D700ECB28E /* FBSDKCoreKit.framework in Frameworks */ = {isa = PBXBuildFile; fileRef = 5E5BCE801DE853D600ECB28E /* FBSDKCoreKit.framework */; };
		5E5BCE841DE853D700ECB28E /* FBSDKLoginKit.framework in Frameworks */ = {isa = PBXBuildFile; fileRef = 5E5BCE811DE853D600ECB28E /* FBSDKLoginKit.framework */; };
		5E9A3FF41E216F020080CB23 /* CircleImgView.swift in Sources */ = {isa = PBXBuildFile; fileRef = 5E9A3FF31E216F020080CB23 /* CircleImgView.swift */; };
		5E9A3FF61E23A4AE0080CB23 /* RoundBtn.swift in Sources */ = {isa = PBXBuildFile; fileRef = 5E9A3FF51E23A4AE0080CB23 /* RoundBtn.swift */; };
		B6706FC44E6335B617A00925 /* Pods_FirebaseNetwork.framework in Frameworks */ = {isa = PBXBuildFile; fileRef = 97A8FBD501774F9D3483AEAB /* Pods_FirebaseNetwork.framework */; };
/* End PBXBuildFile section */

/* Begin PBXFileReference section */
		29356B06549C4E69CA2C1B3F /* Pods-FirebaseNetwork.release.xcconfig */ = {isa = PBXFileReference; includeInIndex = 1; lastKnownFileType = text.xcconfig; name = "Pods-FirebaseNetwork.release.xcconfig"; path = "Pods/Target Support Files/Pods-FirebaseNetwork/Pods-FirebaseNetwork.release.xcconfig"; sourceTree = "<group>"; };
		459EC6D8BE62D1D89C22EAA7 /* Pods-FirebaseNetwork.debug.xcconfig */ = {isa = PBXFileReference; includeInIndex = 1; lastKnownFileType = text.xcconfig; name = "Pods-FirebaseNetwork.debug.xcconfig"; path = "Pods/Target Support Files/Pods-FirebaseNetwork/Pods-FirebaseNetwork.debug.xcconfig"; sourceTree = "<group>"; };
		5E032B4D1E24EE3D000E809A /* PostCell.swift */ = {isa = PBXFileReference; fileEncoding = 4; lastKnownFileType = sourcecode.swift; path = PostCell.swift; sourceTree = "<group>"; };
		5E032B501E24FF90000E809A /* DataService.swift */ = {isa = PBXFileReference; fileEncoding = 4; lastKnownFileType = sourcecode.swift; path = DataService.swift; sourceTree = "<group>"; };
		5E1673791E251C15003A52A8 /* Post.swift */ = {isa = PBXFileReference; fileEncoding = 4; lastKnownFileType = sourcecode.swift; path = Post.swift; sourceTree = "<group>"; };
		5E3844DE1E0C1838009B4CE4 /* FeedVC.swift */ = {isa = PBXFileReference; fileEncoding = 4; lastKnownFileType = sourcecode.swift; path = FeedVC.swift; sourceTree = "<group>"; };
		5E46B6941DE86FA000917868 /* GoogleService-Info.plist */ = {isa = PBXFileReference; fileEncoding = 4; lastKnownFileType = text.plist.xml; path = "GoogleService-Info.plist"; sourceTree = "<group>"; };
		5E46B6971DE88E6D00917868 /* MankSans-Medium.ttf */ = {isa = PBXFileReference; lastKnownFileType = file; path = "MankSans-Medium.ttf"; sourceTree = "<group>"; };
		5E46B6991DE892EA00917868 /* MankSans.ttf */ = {isa = PBXFileReference; lastKnownFileType = file; path = MankSans.ttf; sourceTree = "<group>"; };
		5E46B69B1DE89FD800917868 /* FirebaseNetwork.entitlements */ = {isa = PBXFileReference; lastKnownFileType = text.plist.entitlements; path = FirebaseNetwork.entitlements; sourceTree = "<group>"; };
		5E5BCE5B1DE7A7E700ECB28E /* FirebaseNetwork.app */ = {isa = PBXFileReference; explicitFileType = wrapper.application; includeInIndex = 0; path = FirebaseNetwork.app; sourceTree = BUILT_PRODUCTS_DIR; };
		5E5BCE5E1DE7A7E700ECB28E /* AppDelegate.swift */ = {isa = PBXFileReference; lastKnownFileType = sourcecode.swift; path = AppDelegate.swift; sourceTree = "<group>"; };
		5E5BCE601DE7A7E700ECB28E /* ViewController.swift */ = {isa = PBXFileReference; lastKnownFileType = sourcecode.swift; path = ViewController.swift; sourceTree = "<group>"; };
		5E5BCE631DE7A7E700ECB28E /* Base */ = {isa = PBXFileReference; lastKnownFileType = file.storyboard; name = Base; path = Base.lproj/Main.storyboard; sourceTree = "<group>"; };
		5E5BCE651DE7A7E700ECB28E /* Assets.xcassets */ = {isa = PBXFileReference; lastKnownFileType = folder.assetcatalog; path = Assets.xcassets; sourceTree = "<group>"; };
		5E5BCE681DE7A7E700ECB28E /* Base */ = {isa = PBXFileReference; lastKnownFileType = file.storyboard; name = Base; path = Base.lproj/LaunchScreen.storyboard; sourceTree = "<group>"; };
		5E5BCE6A1DE7A7E800ECB28E /* Info.plist */ = {isa = PBXFileReference; lastKnownFileType = text.plist.xml; path = Info.plist; sourceTree = "<group>"; };
		5E5BCE731DE7A83800ECB28E /* MaterialView.swift */ = {isa = PBXFileReference; fileEncoding = 4; lastKnownFileType = sourcecode.swift; path = MaterialView.swift; sourceTree = "<group>"; };
		5E5BCE751DE7A85300ECB28E /* MaterialButton.swift */ = {isa = PBXFileReference; fileEncoding = 4; lastKnownFileType = sourcecode.swift; path = MaterialButton.swift; sourceTree = "<group>"; };
		5E5BCE7A1DE7AAF700ECB28E /* Constants.swift */ = {isa = PBXFileReference; fileEncoding = 4; lastKnownFileType = sourcecode.swift; path = Constants.swift; sourceTree = "<group>"; };
		5E5BCE7C1DE7AD1E00ECB28E /* MaterialTextField.swift */ = {isa = PBXFileReference; fileEncoding = 4; lastKnownFileType = sourcecode.swift; path = MaterialTextField.swift; sourceTree = "<group>"; };
		5E5BCE7F1DE853D600ECB28E /* Bolts.framework */ = {isa = PBXFileReference; lastKnownFileType = wrapper.framework; path = Bolts.framework; sourceTree = "<group>"; };
		5E5BCE801DE853D600ECB28E /* FBSDKCoreKit.framework */ = {isa = PBXFileReference; lastKnownFileType = wrapper.framework; path = FBSDKCoreKit.framework; sourceTree = "<group>"; };
		5E5BCE811DE853D600ECB28E /* FBSDKLoginKit.framework */ = {isa = PBXFileReference; lastKnownFileType = wrapper.framework; path = FBSDKLoginKit.framework; sourceTree = "<group>"; };
		5E9A3FF31E216F020080CB23 /* CircleImgView.swift */ = {isa = PBXFileReference; fileEncoding = 4; lastKnownFileType = sourcecode.swift; path = CircleImgView.swift; sourceTree = "<group>"; };
		5E9A3FF51E23A4AE0080CB23 /* RoundBtn.swift */ = {isa = PBXFileReference; fileEncoding = 4; lastKnownFileType = sourcecode.swift; path = RoundBtn.swift; sourceTree = "<group>"; };
		97A8FBD501774F9D3483AEAB /* Pods_FirebaseNetwork.framework */ = {isa = PBXFileReference; explicitFileType = wrapper.framework; includeInIndex = 0; path = Pods_FirebaseNetwork.framework; sourceTree = BUILT_PRODUCTS_DIR; };
/* End PBXFileReference section */

/* Begin PBXFrameworksBuildPhase section */
		5E5BCE581DE7A7E000ECB28E /* Frameworks */ = {
			isa = PBXFrameworksBuildPhase;
			buildActionMask = 2147483647;
			files = (
				5E5BCE821DE853D600ECB28E /* Bolts.framework in Frameworks */,
				5E5BCE831DE853D700ECB28E /* FBSDKCoreKit.framework in Frameworks */,
				5E5BCE841DE853D700ECB28E /* FBSDKLoginKit.framework in Frameworks */,
				B6706FC44E6335B617A00925 /* Pods_FirebaseNetwork.framework in Frameworks */,
			);
			runOnlyForDeploymentPostprocessing = 0;
		};
/* End PBXFrameworksBuildPhase section */

/* Begin PBXGroup section */
		5E032B4F1E24FF63000E809A /* Services */ = {
			isa = PBXGroup;
			children = (
				5E032B501E24FF90000E809A /* DataService.swift */,
			);
			name = Services;
			sourceTree = "<group>";
		};
		5E46B6961DE88E5500917868 /* Resources */ = {
			isa = PBXGroup;
			children = (
				5E46B6991DE892EA00917868 /* MankSans.ttf */,
				5E46B6971DE88E6D00917868 /* MankSans-Medium.ttf */,
			);
			name = Resources;
			sourceTree = "<group>";
		};
		5E5BCE521DE7A7DF00ECB28E = {
			isa = PBXGroup;
			children = (
				5E5BCE5D1DE7A7E700ECB28E /* FirebaseNetwork */,
				5E5BCE5C1DE7A7E700ECB28E /* Products */,
				920A74E38113A009CD39D094 /* Pods */,
				61AEEE1D043CA568C1BBFAD2 /* Frameworks */,
			);
			sourceTree = "<group>";
		};
		5E5BCE5C1DE7A7E700ECB28E /* Products */ = {
			isa = PBXGroup;
			children = (
				5E5BCE5B1DE7A7E700ECB28E /* FirebaseNetwork.app */,
			);
			name = Products;
			sourceTree = "<group>";
		};
		5E5BCE5D1DE7A7E700ECB28E /* FirebaseNetwork */ = {
			isa = PBXGroup;
			children = (
				5E032B4F1E24FF63000E809A /* Services */,
				5E46B69B1DE89FD800917868 /* FirebaseNetwork.entitlements */,
				5E46B6961DE88E5500917868 /* Resources */,
				5E5BCE7E1DE8537600ECB28E /* Frameworks */,
				5E5BCE791DE7AAE400ECB28E /* Utilities */,
				5E5BCE721DE7A80F00ECB28E /* Controller */,
				5E5BCE711DE7A80700ECB28E /* View */,
				5E5BCE701DE7A80100ECB28E /* Model */,
				5E5BCE5E1DE7A7E700ECB28E /* AppDelegate.swift */,
				5E5BCE621DE7A7E700ECB28E /* Main.storyboard */,
				5E5BCE651DE7A7E700ECB28E /* Assets.xcassets */,
				5E5BCE671DE7A7E700ECB28E /* LaunchScreen.storyboard */,
				5E5BCE6A1DE7A7E800ECB28E /* Info.plist */,
				5E46B6941DE86FA000917868 /* GoogleService-Info.plist */,
			);
			path = FirebaseNetwork;
			sourceTree = "<group>";
		};
		5E5BCE701DE7A80100ECB28E /* Model */ = {
			isa = PBXGroup;
			children = (
				5E1673791E251C15003A52A8 /* Post.swift */,
			);
			name = Model;
			sourceTree = "<group>";
		};
		5E5BCE711DE7A80700ECB28E /* View */ = {
			isa = PBXGroup;
			children = (
				5E5BCE731DE7A83800ECB28E /* MaterialView.swift */,
				5E5BCE751DE7A85300ECB28E /* MaterialButton.swift */,
				5E5BCE7C1DE7AD1E00ECB28E /* MaterialTextField.swift */,
				5E9A3FF31E216F020080CB23 /* CircleImgView.swift */,
				5E9A3FF51E23A4AE0080CB23 /* RoundBtn.swift */,
				5E032B4D1E24EE3D000E809A /* PostCell.swift */,
			);
			name = View;
			sourceTree = "<group>";
		};
		5E5BCE721DE7A80F00ECB28E /* Controller */ = {
			isa = PBXGroup;
			children = (
				5E5BCE601DE7A7E700ECB28E /* ViewController.swift */,
				5E3844DE1E0C1838009B4CE4 /* FeedVC.swift */,
			);
			name = Controller;
			sourceTree = "<group>";
		};
		5E5BCE791DE7AAE400ECB28E /* Utilities */ = {
			isa = PBXGroup;
			children = (
				5E5BCE7A1DE7AAF700ECB28E /* Constants.swift */,
			);
			name = Utilities;
			sourceTree = "<group>";
		};
		5E5BCE7E1DE8537600ECB28E /* Frameworks */ = {
			isa = PBXGroup;
			children = (
				5E5BCE7F1DE853D600ECB28E /* Bolts.framework */,
				5E5BCE801DE853D600ECB28E /* FBSDKCoreKit.framework */,
				5E5BCE811DE853D600ECB28E /* FBSDKLoginKit.framework */,
			);
			name = Frameworks;
			sourceTree = "<group>";
		};
		61AEEE1D043CA568C1BBFAD2 /* Frameworks */ = {
			isa = PBXGroup;
			children = (
				97A8FBD501774F9D3483AEAB /* Pods_FirebaseNetwork.framework */,
			);
			name = Frameworks;
			sourceTree = "<group>";
		};
		920A74E38113A009CD39D094 /* Pods */ = {
			isa = PBXGroup;
			children = (
				459EC6D8BE62D1D89C22EAA7 /* Pods-FirebaseNetwork.debug.xcconfig */,
				29356B06549C4E69CA2C1B3F /* Pods-FirebaseNetwork.release.xcconfig */,
			);
			name = Pods;
			sourceTree = "<group>";
		};
/* End PBXGroup section */

/* Begin PBXNativeTarget section */
		5E5BCE5A1DE7A7E000ECB28E /* FirebaseNetwork */ = {
			isa = PBXNativeTarget;
			buildConfigurationList = 5E5BCE6D1DE7A7E800ECB28E /* Build configuration list for PBXNativeTarget "FirebaseNetwork" */;
			buildPhases = (
				5128473CC6C3AEF821A29CBD /* [CP] Check Pods Manifest.lock */,
				5E5BCE571DE7A7E000ECB28E /* Sources */,
				5E5BCE581DE7A7E000ECB28E /* Frameworks */,
				5E5BCE591DE7A7E000ECB28E /* Resources */,
				4DD1F5D013C42638333E8D20 /* [CP] Embed Pods Frameworks */,
				245C9032D8FC3878FBE3B83A /* [CP] Copy Pods Resources */,
			);
			buildRules = (
			);
			dependencies = (
			);
			name = FirebaseNetwork;
			productName = FirebaseNetwork;
			productReference = 5E5BCE5B1DE7A7E700ECB28E /* FirebaseNetwork.app */;
			productType = "com.apple.product-type.application";
		};
/* End PBXNativeTarget section */

/* Begin PBXProject section */
		5E5BCE531DE7A7DF00ECB28E /* Project object */ = {
			isa = PBXProject;
			attributes = {
				LastSwiftUpdateCheck = 0810;
				LastUpgradeCheck = 0810;
				ORGANIZATIONNAME = "Lucheo Antonio Tombini Filho";
				TargetAttributes = {
					5E5BCE5A1DE7A7E000ECB28E = {
						CreatedOnToolsVersion = 8.1;
						DevelopmentTeam = T3DQ24BSG3;
						ProvisioningStyle = Automatic;
						SystemCapabilities = {
							com.apple.Keychain = {
								enabled = 1;
							};
						};
					};
				};
			};
			buildConfigurationList = 5E5BCE561DE7A7DF00ECB28E /* Build configuration list for PBXProject "FirebaseNetwork" */;
			compatibilityVersion = "Xcode 3.2";
			developmentRegion = English;
			hasScannedForEncodings = 0;
			knownRegions = (
				en,
				Base,
			);
			mainGroup = 5E5BCE521DE7A7DF00ECB28E;
			productRefGroup = 5E5BCE5C1DE7A7E700ECB28E /* Products */;
			projectDirPath = "";
			projectRoot = "";
			targets = (
				5E5BCE5A1DE7A7E000ECB28E /* FirebaseNetwork */,
			);
		};
/* End PBXProject section */

/* Begin PBXResourcesBuildPhase section */
		5E5BCE591DE7A7E000ECB28E /* Resources */ = {
			isa = PBXResourcesBuildPhase;
			buildActionMask = 2147483647;
			files = (
				5E46B6981DE88E6D00917868 /* MankSans-Medium.ttf in Resources */,
				5E5BCE691DE7A7E700ECB28E /* LaunchScreen.storyboard in Resources */,
				5E46B6951DE86FA000917868 /* GoogleService-Info.plist in Resources */,
				5E5BCE661DE7A7E700ECB28E /* Assets.xcassets in Resources */,
				5E46B69A1DE892EA00917868 /* MankSans.ttf in Resources */,
				5E5BCE641DE7A7E700ECB28E /* Main.storyboard in Resources */,
			);
			runOnlyForDeploymentPostprocessing = 0;
		};
/* End PBXResourcesBuildPhase section */

/* Begin PBXShellScriptBuildPhase section */
		245C9032D8FC3878FBE3B83A /* [CP] Copy Pods Resources */ = {
			isa = PBXShellScriptBuildPhase;
			buildActionMask = 2147483647;
			files = (
			);
			inputPaths = (
			);
			name = "[CP] Copy Pods Resources";
			outputPaths = (
			);
			runOnlyForDeploymentPostprocessing = 0;
			shellPath = /bin/sh;
			shellScript = "\"${SRCROOT}/Pods/Target Support Files/Pods-FirebaseNetwork/Pods-FirebaseNetwork-resources.sh\"\n";
			showEnvVarsInLog = 0;
		};
		4DD1F5D013C42638333E8D20 /* [CP] Embed Pods Frameworks */ = {
			isa = PBXShellScriptBuildPhase;
			buildActionMask = 2147483647;
			files = (
			);
			inputPaths = (
			);
			name = "[CP] Embed Pods Frameworks";
			outputPaths = (
			);
			runOnlyForDeploymentPostprocessing = 0;
			shellPath = /bin/sh;
			shellScript = "\"${SRCROOT}/Pods/Target Support Files/Pods-FirebaseNetwork/Pods-FirebaseNetwork-frameworks.sh\"\n";
			showEnvVarsInLog = 0;
		};
		5128473CC6C3AEF821A29CBD /* [CP] Check Pods Manifest.lock */ = {
			isa = PBXShellScriptBuildPhase;
			buildActionMask = 2147483647;
			files = (
			);
			inputPaths = (
			);
			name = "[CP] Check Pods Manifest.lock";
			outputPaths = (
			);
			runOnlyForDeploymentPostprocessing = 0;
			shellPath = /bin/sh;
			shellScript = "diff \"${PODS_ROOT}/../Podfile.lock\" \"${PODS_ROOT}/Manifest.lock\" > /dev/null\nif [ $? != 0 ] ; then\n    # print error to STDERR\n    echo \"error: The sandbox is not in sync with the Podfile.lock. Run 'pod install' or update your CocoaPods installation.\" >&2\n    exit 1\nfi\n";
			showEnvVarsInLog = 0;
		};
/* End PBXShellScriptBuildPhase section */

/* Begin PBXSourcesBuildPhase section */
		5E5BCE571DE7A7E000ECB28E /* Sources */ = {
			isa = PBXSourcesBuildPhase;
			buildActionMask = 2147483647;
			files = (
				5E9A3FF41E216F020080CB23 /* CircleImgView.swift in Sources */,
				5E5BCE7D1DE7AD1E00ECB28E /* MaterialTextField.swift in Sources */,
				5E3844DF1E0C1838009B4CE4 /* FeedVC.swift in Sources */,
				5E16737A1E251C15003A52A8 /* Post.swift in Sources */,
				5E5BCE741DE7A83800ECB28E /* MaterialView.swift in Sources */,
				5E5BCE611DE7A7E700ECB28E /* ViewController.swift in Sources */,
				5E032B511E24FF90000E809A /* DataService.swift in Sources */,
				5E5BCE761DE7A85300ECB28E /* MaterialButton.swift in Sources */,
				5E9A3FF61E23A4AE0080CB23 /* RoundBtn.swift in Sources */,
				5E5BCE5F1DE7A7E700ECB28E /* AppDelegate.swift in Sources */,
				5E5BCE7B1DE7AAF700ECB28E /* Constants.swift in Sources */,
				5E032B4E1E24EE3E000E809A /* PostCell.swift in Sources */,
			);
			runOnlyForDeploymentPostprocessing = 0;
		};
/* End PBXSourcesBuildPhase section */

/* Begin PBXVariantGroup section */
		5E5BCE621DE7A7E700ECB28E /* Main.storyboard */ = {
			isa = PBXVariantGroup;
			children = (
				5E5BCE631DE7A7E700ECB28E /* Base */,
			);
			name = Main.storyboard;
			sourceTree = "<group>";
		};
		5E5BCE671DE7A7E700ECB28E /* LaunchScreen.storyboard */ = {
			isa = PBXVariantGroup;
			children = (
				5E5BCE681DE7A7E700ECB28E /* Base */,
			);
			name = LaunchScreen.storyboard;
			sourceTree = "<group>";
		};
/* End PBXVariantGroup section */

/* Begin XCBuildConfiguration section */
		5E5BCE6B1DE7A7E800ECB28E /* Debug */ = {
			isa = XCBuildConfiguration;
			buildSettings = {
				ALWAYS_SEARCH_USER_PATHS = NO;
				CLANG_ANALYZER_NONNULL = YES;
				CLANG_CXX_LANGUAGE_STANDARD = "gnu++0x";
				CLANG_CXX_LIBRARY = "libc++";
				CLANG_ENABLE_MODULES = YES;
				CLANG_ENABLE_OBJC_ARC = YES;
				CLANG_WARN_BOOL_CONVERSION = YES;
				CLANG_WARN_CONSTANT_CONVERSION = YES;
				CLANG_WARN_DIRECT_OBJC_ISA_USAGE = YES_ERROR;
				CLANG_WARN_DOCUMENTATION_COMMENTS = YES;
				CLANG_WARN_EMPTY_BODY = YES;
				CLANG_WARN_ENUM_CONVERSION = YES;
				CLANG_WARN_INFINITE_RECURSION = YES;
				CLANG_WARN_INT_CONVERSION = YES;
				CLANG_WARN_OBJC_ROOT_CLASS = YES_ERROR;
				CLANG_WARN_SUSPICIOUS_MOVES = YES;
				CLANG_WARN_UNREACHABLE_CODE = YES;
				CLANG_WARN__DUPLICATE_METHOD_MATCH = YES;
				"CODE_SIGN_IDENTITY[sdk=iphoneos*]" = "iPhone Developer";
				COPY_PHASE_STRIP = NO;
				DEBUG_INFORMATION_FORMAT = dwarf;
				ENABLE_STRICT_OBJC_MSGSEND = YES;
				ENABLE_TESTABILITY = YES;
				GCC_C_LANGUAGE_STANDARD = gnu99;
				GCC_DYNAMIC_NO_PIC = NO;
				GCC_NO_COMMON_BLOCKS = YES;
				GCC_OPTIMIZATION_LEVEL = 0;
				GCC_PREPROCESSOR_DEFINITIONS = (
					"DEBUG=1",
					"$(inherited)",
				);
				GCC_WARN_64_TO_32_BIT_CONVERSION = YES;
				GCC_WARN_ABOUT_RETURN_TYPE = YES_ERROR;
				GCC_WARN_UNDECLARED_SELECTOR = YES;
				GCC_WARN_UNINITIALIZED_AUTOS = YES_AGGRESSIVE;
				GCC_WARN_UNUSED_FUNCTION = YES;
				GCC_WARN_UNUSED_VARIABLE = YES;
				IPHONEOS_DEPLOYMENT_TARGET = 10.1;
				MTL_ENABLE_DEBUG_INFO = YES;
				ONLY_ACTIVE_ARCH = YES;
				SDKROOT = iphoneos;
				SWIFT_ACTIVE_COMPILATION_CONDITIONS = DEBUG;
				SWIFT_OPTIMIZATION_LEVEL = "-Onone";
				TARGETED_DEVICE_FAMILY = "1,2";
			};
			name = Debug;
		};
		5E5BCE6C1DE7A7E800ECB28E /* Release */ = {
			isa = XCBuildConfiguration;
			buildSettings = {
				ALWAYS_SEARCH_USER_PATHS = NO;
				CLANG_ANALYZER_NONNULL = YES;
				CLANG_CXX_LANGUAGE_STANDARD = "gnu++0x";
				CLANG_CXX_LIBRARY = "libc++";
				CLANG_ENABLE_MODULES = YES;
				CLANG_ENABLE_OBJC_ARC = YES;
				CLANG_WARN_BOOL_CONVERSION = YES;
				CLANG_WARN_CONSTANT_CONVERSION = YES;
				CLANG_WARN_DIRECT_OBJC_ISA_USAGE = YES_ERROR;
				CLANG_WARN_DOCUMENTATION_COMMENTS = YES;
				CLANG_WARN_EMPTY_BODY = YES;
				CLANG_WARN_ENUM_CONVERSION = YES;
				CLANG_WARN_INFINITE_RECURSION = YES;
				CLANG_WARN_INT_CONVERSION = YES;
				CLANG_WARN_OBJC_ROOT_CLASS = YES_ERROR;
				CLANG_WARN_SUSPICIOUS_MOVES = YES;
				CLANG_WARN_UNREACHABLE_CODE = YES;
				CLANG_WARN__DUPLICATE_METHOD_MATCH = YES;
				"CODE_SIGN_IDENTITY[sdk=iphoneos*]" = "iPhone Developer";
				COPY_PHASE_STRIP = NO;
				DEBUG_INFORMATION_FORMAT = "dwarf-with-dsym";
				ENABLE_NS_ASSERTIONS = NO;
				ENABLE_STRICT_OBJC_MSGSEND = YES;
				GCC_C_LANGUAGE_STANDARD = gnu99;
				GCC_NO_COMMON_BLOCKS = YES;
				GCC_WARN_64_TO_32_BIT_CONVERSION = YES;
				GCC_WARN_ABOUT_RETURN_TYPE = YES_ERROR;
				GCC_WARN_UNDECLARED_SELECTOR = YES;
				GCC_WARN_UNINITIALIZED_AUTOS = YES_AGGRESSIVE;
				GCC_WARN_UNUSED_FUNCTION = YES;
				GCC_WARN_UNUSED_VARIABLE = YES;
				IPHONEOS_DEPLOYMENT_TARGET = 10.1;
				MTL_ENABLE_DEBUG_INFO = NO;
				SDKROOT = iphoneos;
				SWIFT_OPTIMIZATION_LEVEL = "-Owholemodule";
				TARGETED_DEVICE_FAMILY = "1,2";
				VALIDATE_PRODUCT = YES;
			};
			name = Release;
		};
		5E5BCE6E1DE7A7E800ECB28E /* Debug */ = {
			isa = XCBuildConfiguration;
			baseConfigurationReference = 459EC6D8BE62D1D89C22EAA7 /* Pods-FirebaseNetwork.debug.xcconfig */;
			buildSettings = {
				ASSETCATALOG_COMPILER_APPICON_NAME = AppIcon;
				CODE_SIGN_ENTITLEMENTS = FirebaseNetwork/FirebaseNetwork.entitlements;
				DEVELOPMENT_TEAM = T3DQ24BSG3;
				ENABLE_BITCODE = YES;
				FRAMEWORK_SEARCH_PATHS = (
					"$(inherited)",
					"$(PROJECT_DIR)/FirebaseNetwork",
				);
				INFOPLIST_FILE = FirebaseNetwork/Info.plist;
				LD_RUNPATH_SEARCH_PATHS = "$(inherited) @executable_path/Frameworks";
				PRODUCT_BUNDLE_IDENTIFIER = com.LucheoTombini.FirebaseNetwork;
				PRODUCT_NAME = "$(TARGET_NAME)";
				SWIFT_VERSION = 3.0;
			};
			name = Debug;
		};
		5E5BCE6F1DE7A7E800ECB28E /* Release */ = {
			isa = XCBuildConfiguration;
			baseConfigurationReference = 29356B06549C4E69CA2C1B3F /* Pods-FirebaseNetwork.release.xcconfig */;
			buildSettings = {
				ASSETCATALOG_COMPILER_APPICON_NAME = AppIcon;
				CODE_SIGN_ENTITLEMENTS = FirebaseNetwork/FirebaseNetwork.entitlements;
				DEVELOPMENT_TEAM = T3DQ24BSG3;
				ENABLE_BITCODE = YES;
				FRAMEWORK_SEARCH_PATHS = (
					"$(inherited)",
					"$(PROJECT_DIR)/FirebaseNetwork",
				);
				INFOPLIST_FILE = FirebaseNetwork/Info.plist;
				LD_RUNPATH_SEARCH_PATHS = "$(inherited) @executable_path/Frameworks";
				PRODUCT_BUNDLE_IDENTIFIER = com.LucheoTombini.FirebaseNetwork;
				PRODUCT_NAME = "$(TARGET_NAME)";
				SWIFT_VERSION = 3.0;
			};
			name = Release;
		};
/* End XCBuildConfiguration section */

/* Begin XCConfigurationList section */
		5E5BCE561DE7A7DF00ECB28E /* Build configuration list for PBXProject "FirebaseNetwork" */ = {
			isa = XCConfigurationList;
			buildConfigurations = (
				5E5BCE6B1DE7A7E800ECB28E /* Debug */,
				5E5BCE6C1DE7A7E800ECB28E /* Release */,
			);
			defaultConfigurationIsVisible = 0;
			defaultConfigurationName = Release;
		};
		5E5BCE6D1DE7A7E800ECB28E /* Build configuration list for PBXNativeTarget "FirebaseNetwork" */ = {
			isa = XCConfigurationList;
			buildConfigurations = (
				5E5BCE6E1DE7A7E800ECB28E /* Debug */,
				5E5BCE6F1DE7A7E800ECB28E /* Release */,
			);
			defaultConfigurationIsVisible = 0;
			defaultConfigurationName = Release;
		};
/* End XCConfigurationList section */
	};
	rootObject = 5E5BCE531DE7A7DF00ECB28E /* Project object */;
}
